// !$*UTF8*$!
{
	archiveVersion = 1;
	classes = {
	};
	objectVersion = 46;
	objects = {

/* Begin PBXBuildFile section */
		AA108FD5197663D10008040B /* BrowserView.xib in Resources */ = {isa = PBXBuildFile; fileRef = AA108FD4197663D10008040B /* BrowserView.xib */; };
		AA1B9E811973AD9A00821F4B /* AppDelegate.swift in Sources */ = {isa = PBXBuildFile; fileRef = AA1B9E801973AD9A00821F4B /* AppDelegate.swift */; };
		AA1B9E831973AD9A00821F4B /* BrowserController.swift in Sources */ = {isa = PBXBuildFile; fileRef = AA1B9E821973AD9A00821F4B /* BrowserController.swift */; };
		AA1B9E881973AD9A00821F4B /* Images.xcassets in Resources */ = {isa = PBXBuildFile; fileRef = AA1B9E871973AD9A00821F4B /* Images.xcassets */; };
		AA1B9E941973AD9A00821F4B /* browserTests.swift in Sources */ = {isa = PBXBuildFile; fileRef = AA1B9E931973AD9A00821F4B /* browserTests.swift */; };
/* End PBXBuildFile section */

/* Begin PBXContainerItemProxy section */
		AA1B9E8E1973AD9A00821F4B /* PBXContainerItemProxy */ = {
			isa = PBXContainerItemProxy;
			containerPortal = AA1B9E731973AD9A00821F4B /* Project object */;
			proxyType = 1;
			remoteGlobalIDString = AA1B9E7A1973AD9A00821F4B;
			remoteInfo = browser;
		};
/* End PBXContainerItemProxy section */

/* Begin PBXFileReference section */
		AA108FD4197663D10008040B /* BrowserView.xib */ = {isa = PBXFileReference; fileEncoding = 4; lastKnownFileType = file.xib; path = BrowserView.xib; sourceTree = "<group>"; };
		AA1B9E7B1973AD9A00821F4B /* browser.app */ = {isa = PBXFileReference; explicitFileType = wrapper.application; includeInIndex = 0; path = browser.app; sourceTree = BUILT_PRODUCTS_DIR; };
		AA1B9E7F1973AD9A00821F4B /* Info.plist */ = {isa = PBXFileReference; lastKnownFileType = text.plist.xml; path = Info.plist; sourceTree = "<group>"; };
		AA1B9E801973AD9A00821F4B /* AppDelegate.swift */ = {isa = PBXFileReference; lastKnownFileType = sourcecode.swift; path = AppDelegate.swift; sourceTree = "<group>"; };
		AA1B9E821973AD9A00821F4B /* BrowserController.swift */ = {isa = PBXFileReference; lastKnownFileType = sourcecode.swift; path = BrowserController.swift; sourceTree = "<group>"; };
		AA1B9E871973AD9A00821F4B /* Images.xcassets */ = {isa = PBXFileReference; lastKnownFileType = folder.assetcatalog; path = Images.xcassets; sourceTree = "<group>"; };
		AA1B9E8D1973AD9A00821F4B /* browserTests.xctest */ = {isa = PBXFileReference; explicitFileType = wrapper.cfbundle; includeInIndex = 0; path = browserTests.xctest; sourceTree = BUILT_PRODUCTS_DIR; };
		AA1B9E921973AD9A00821F4B /* Info.plist */ = {isa = PBXFileReference; lastKnownFileType = text.plist.xml; path = Info.plist; sourceTree = "<group>"; };
		AA1B9E931973AD9A00821F4B /* browserTests.swift */ = {isa = PBXFileReference; lastKnownFileType = sourcecode.swift; path = browserTests.swift; sourceTree = "<group>"; };
/* End PBXFileReference section */

/* Begin PBXFrameworksBuildPhase section */
		AA1B9E781973AD9A00821F4B /* Frameworks */ = {
			isa = PBXFrameworksBuildPhase;
			buildActionMask = 2147483647;
			files = (
			);
			runOnlyForDeploymentPostprocessing = 0;
		};
		AA1B9E8A1973AD9A00821F4B /* Frameworks */ = {
			isa = PBXFrameworksBuildPhase;
			buildActionMask = 2147483647;
			files = (
			);
			runOnlyForDeploymentPostprocessing = 0;
		};
/* End PBXFrameworksBuildPhase section */

/* Begin PBXGroup section */
		AA1B9E721973AD9A00821F4B = {
			isa = PBXGroup;
			children = (
				AA1B9E7D1973AD9A00821F4B /* browser */,
				AA1B9E901973AD9A00821F4B /* browserTests */,
				AA1B9E7C1973AD9A00821F4B /* Products */,
			);
			sourceTree = "<group>";
		};
		AA1B9E7C1973AD9A00821F4B /* Products */ = {
			isa = PBXGroup;
			children = (
				AA1B9E7B1973AD9A00821F4B /* browser.app */,
				AA1B9E8D1973AD9A00821F4B /* browserTests.xctest */,
			);
			name = Products;
			sourceTree = "<group>";
		};
		AA1B9E7D1973AD9A00821F4B /* browser */ = {
			isa = PBXGroup;
			children = (
				AA1B9E801973AD9A00821F4B /* AppDelegate.swift */,
				AA1B9E821973AD9A00821F4B /* BrowserController.swift */,
				AA1B9E871973AD9A00821F4B /* Images.xcassets */,
				AA1B9E7E1973AD9A00821F4B /* Supporting Files */,
				AA108FD4197663D10008040B /* BrowserView.xib */,
			);
			path = browser;
			sourceTree = "<group>";
		};
		AA1B9E7E1973AD9A00821F4B /* Supporting Files */ = {
			isa = PBXGroup;
			children = (
				AA1B9E7F1973AD9A00821F4B /* Info.plist */,
			);
			name = "Supporting Files";
			sourceTree = "<group>";
		};
		AA1B9E901973AD9A00821F4B /* browserTests */ = {
			isa = PBXGroup;
			children = (
				AA1B9E931973AD9A00821F4B /* browserTests.swift */,
				AA1B9E911973AD9A00821F4B /* Supporting Files */,
			);
			path = browserTests;
			sourceTree = "<group>";
		};
		AA1B9E911973AD9A00821F4B /* Supporting Files */ = {
			isa = PBXGroup;
			children = (
				AA1B9E921973AD9A00821F4B /* Info.plist */,
			);
			name = "Supporting Files";
			sourceTree = "<group>";
		};
/* End PBXGroup section */

/* Begin PBXNativeTarget section */
		AA1B9E7A1973AD9A00821F4B /* browser */ = {
			isa = PBXNativeTarget;
			buildConfigurationList = AA1B9E971973AD9A00821F4B /* Build configuration list for PBXNativeTarget "browser" */;
			buildPhases = (
				AA1B9E771973AD9A00821F4B /* Sources */,
				AA1B9E781973AD9A00821F4B /* Frameworks */,
				AA1B9E791973AD9A00821F4B /* Resources */,
			);
			buildRules = (
			);
			dependencies = (
			);
			name = browser;
			productName = browser;
			productReference = AA1B9E7B1973AD9A00821F4B /* browser.app */;
			productType = "com.apple.product-type.application";
		};
		AA1B9E8C1973AD9A00821F4B /* browserTests */ = {
			isa = PBXNativeTarget;
			buildConfigurationList = AA1B9E9A1973AD9A00821F4B /* Build configuration list for PBXNativeTarget "browserTests" */;
			buildPhases = (
				AA1B9E891973AD9A00821F4B /* Sources */,
				AA1B9E8A1973AD9A00821F4B /* Frameworks */,
				AA1B9E8B1973AD9A00821F4B /* Resources */,
			);
			buildRules = (
			);
			dependencies = (
				AA1B9E8F1973AD9A00821F4B /* PBXTargetDependency */,
			);
			name = browserTests;
			productName = browserTests;
			productReference = AA1B9E8D1973AD9A00821F4B /* browserTests.xctest */;
			productType = "com.apple.product-type.bundle.unit-test";
		};
/* End PBXNativeTarget section */

/* Begin PBXProject section */
		AA1B9E731973AD9A00821F4B /* Project object */ = {
			isa = PBXProject;
			attributes = {
				LastUpgradeCheck = 0600;
				ORGANIZATIONNAME = Whyllee;
				TargetAttributes = {
					AA1B9E7A1973AD9A00821F4B = {
						CreatedOnToolsVersion = 6.0;
					};
					AA1B9E8C1973AD9A00821F4B = {
						CreatedOnToolsVersion = 6.0;
						TestTargetID = AA1B9E7A1973AD9A00821F4B;
					};
				};
			};
			buildConfigurationList = AA1B9E761973AD9A00821F4B /* Build configuration list for PBXProject "browser" */;
			compatibilityVersion = "Xcode 3.2";
			developmentRegion = English;
			hasScannedForEncodings = 0;
			knownRegions = (
				en,
				Base,
			);
			mainGroup = AA1B9E721973AD9A00821F4B;
			productRefGroup = AA1B9E7C1973AD9A00821F4B /* Products */;
			projectDirPath = "";
			projectRoot = "";
			targets = (
				AA1B9E7A1973AD9A00821F4B /* browser */,
				AA1B9E8C1973AD9A00821F4B /* browserTests */,
			);
		};
/* End PBXProject section */

/* Begin PBXResourcesBuildPhase section */
		AA1B9E791973AD9A00821F4B /* Resources */ = {
			isa = PBXResourcesBuildPhase;
			buildActionMask = 2147483647;
			files = (
				AA1B9E881973AD9A00821F4B /* Images.xcassets in Resources */,
				AA108FD5197663D10008040B /* BrowserView.xib in Resources */,
			);
			runOnlyForDeploymentPostprocessing = 0;
		};
		AA1B9E8B1973AD9A00821F4B /* Resources */ = {
			isa = PBXResourcesBuildPhase;
			buildActionMask = 2147483647;
			files = (
			);
			runOnlyForDeploymentPostprocessing = 0;
		};
/* End PBXResourcesBuildPhase section */

/* Begin PBXSourcesBuildPhase section */
		AA1B9E771973AD9A00821F4B /* Sources */ = {
			isa = PBXSourcesBuildPhase;
			buildActionMask = 2147483647;
			files = (
				AA1B9E831973AD9A00821F4B /* BrowserController.swift in Sources */,
				AA1B9E811973AD9A00821F4B /* AppDelegate.swift in Sources */,
			);
			runOnlyForDeploymentPostprocessing = 0;
		};
		AA1B9E891973AD9A00821F4B /* Sources */ = {
			isa = PBXSourcesBuildPhase;
			buildActionMask = 2147483647;
			files = (
				AA1B9E941973AD9A00821F4B /* browserTests.swift in Sources */,
			);
			runOnlyForDeploymentPostprocessing = 0;
		};
/* End PBXSourcesBuildPhase section */

/* Begin PBXTargetDependency section */
		AA1B9E8F1973AD9A00821F4B /* PBXTargetDependency */ = {
			isa = PBXTargetDependency;
			target = AA1B9E7A1973AD9A00821F4B /* browser */;
			targetProxy = AA1B9E8E1973AD9A00821F4B /* PBXContainerItemProxy */;
		};
/* End PBXTargetDependency section */

/* Begin XCBuildConfiguration section */
		AA1B9E951973AD9A00821F4B /* Debug */ = {
			isa = XCBuildConfiguration;
			buildSettings = {
				ALWAYS_SEARCH_USER_PATHS = NO;
				CLANG_CXX_LANGUAGE_STANDARD = "gnu++0x";
				CLANG_CXX_LIBRARY = "libc++";
				CLANG_ENABLE_MODULES = YES;
				CLANG_ENABLE_OBJC_ARC = YES;
				CLANG_WARN_BOOL_CONVERSION = YES;
				CLANG_WARN_CONSTANT_CONVERSION = YES;
				CLANG_WARN_DIRECT_OBJC_ISA_USAGE = YES_ERROR;
				CLANG_WARN_EMPTY_BODY = YES;
				CLANG_WARN_ENUM_CONVERSION = YES;
				CLANG_WARN_INT_CONVERSION = YES;
				CLANG_WARN_OBJC_ROOT_CLASS = YES_ERROR;
				CLANG_WARN_UNREACHABLE_CODE = YES;
				CLANG_WARN__DUPLICATE_METHOD_MATCH = YES;
				"CODE_SIGN_IDENTITY[sdk=iphoneos*]" = "iPhone Developer";
				COPY_PHASE_STRIP = NO;
				ENABLE_STRICT_OBJC_MSGSEND = YES;
				GCC_C_LANGUAGE_STANDARD = gnu99;
				GCC_DYNAMIC_NO_PIC = NO;
				GCC_OPTIMIZATION_LEVEL = 0;
				GCC_PREPROCESSOR_DEFINITIONS = (
					"DEBUG=1",
					"$(inherited)",
				);
				GCC_SYMBOLS_PRIVATE_EXTERN = NO;
				GCC_WARN_64_TO_32_BIT_CONVERSION = YES;
				GCC_WARN_ABOUT_RETURN_TYPE = YES_ERROR;
				GCC_WARN_UNDECLARED_SELECTOR = YES;
				GCC_WARN_UNINITIALIZED_AUTOS = YES_AGGRESSIVE;
				GCC_WARN_UNUSED_FUNCTION = YES;
				GCC_WARN_UNUSED_VARIABLE = YES;
				IPHONEOS_DEPLOYMENT_TARGET = 8.0;
				MTL_ENABLE_DEBUG_INFO = YES;
				ONLY_ACTIVE_ARCH = YES;
				SDKROOT = iphoneos;
				SWIFT_OPTIMIZATION_LEVEL = "-Onone";
			};
			name = Debug;
		};
		AA1B9E961973AD9A00821F4B /* Release */ = {
			isa = XCBuildConfiguration;
			buildSettings = {
				ALWAYS_SEARCH_USER_PATHS = NO;
				CLANG_CXX_LANGUAGE_STANDARD = "gnu++0x";
				CLANG_CXX_LIBRARY = "libc++";
				CLANG_ENABLE_MODULES = YES;
				CLANG_ENABLE_OBJC_ARC = YES;
				CLANG_WARN_BOOL_CONVERSION = YES;
				CLANG_WARN_CONSTANT_CONVERSION = YES;
				CLANG_WARN_DIRECT_OBJC_ISA_USAGE = YES_ERROR;
				CLANG_WARN_EMPTY_BODY = YES;
				CLANG_WARN_ENUM_CONVERSION = YES;
				CLANG_WARN_INT_CONVERSION = YES;
				CLANG_WARN_OBJC_ROOT_CLASS = YES_ERROR;
				CLANG_WARN_UNREACHABLE_CODE = YES;
				CLANG_WARN__DUPLICATE_METHOD_MATCH = YES;
				"CODE_SIGN_IDENTITY[sdk=iphoneos*]" = "iPhone Developer";
				COPY_PHASE_STRIP = YES;
				ENABLE_NS_ASSERTIONS = NO;
				ENABLE_STRICT_OBJC_MSGSEND = YES;
				GCC_C_LANGUAGE_STANDARD = gnu99;
				GCC_WARN_64_TO_32_BIT_CONVERSION = YES;
				GCC_WARN_ABOUT_RETURN_TYPE = YES_ERROR;
				GCC_WARN_UNDECLARED_SELECTOR = YES;
				GCC_WARN_UNINITIALIZED_AUTOS = YES_AGGRESSIVE;
				GCC_WARN_UNUSED_FUNCTION = YES;
				GCC_WARN_UNUSED_VARIABLE = YES;
				IPHONEOS_DEPLOYMENT_TARGET = 8.0;
				MTL_ENABLE_DEBUG_INFO = NO;
				SDKROOT = iphoneos;
				VALIDATE_PRODUCT = YES;
			};
			name = Release;
		};
		AA1B9E981973AD9A00821F4B /* Debug */ = {
			isa = XCBuildConfiguration;
			buildSettings = {
				ASSETCATALOG_COMPILER_APPICON_NAME = AppIcon;
				ASSETCATALOG_COMPILER_LAUNCHIMAGE_NAME = LaunchImage;
				INFOPLIST_FILE = browser/Info.plist;
				LD_RUNPATH_SEARCH_PATHS = "$(inherited) @executable_path/Frameworks";
				PRODUCT_NAME = "$(TARGET_NAME)";
			};
			name = Debug;
		};
		AA1B9E991973AD9A00821F4B /* Release */ = {
			isa = XCBuildConfiguration;
			buildSettings = {
				ASSETCATALOG_COMPILER_APPICON_NAME = AppIcon;
				ASSETCATALOG_COMPILER_LAUNCHIMAGE_NAME = LaunchImage;
				INFOPLIST_FILE = browser/Info.plist;
				LD_RUNPATH_SEARCH_PATHS = "$(inherited) @executable_path/Frameworks";
				PRODUCT_NAME = "$(TARGET_NAME)";
			};
			name = Release;
		};
		AA1B9E9B1973AD9A00821F4B /* Debug */ = {
			isa = XCBuildConfiguration;
			buildSettings = {
				BUNDLE_LOADER = "$(BUILT_PRODUCTS_DIR)/browser.app/browser";
				FRAMEWORK_SEARCH_PATHS = (
					"$(SDKROOT)/Developer/Library/Frameworks",
					"$(inherited)",
				);
				GCC_PREPROCESSOR_DEFINITIONS = (
					"DEBUG=1",
					"$(inherited)",
				);
				INFOPLIST_FILE = browserTests/Info.plist;
				LD_RUNPATH_SEARCH_PATHS = "$(inherited) @executable_path/Frameworks @loader_path/Frameworks";
				PRODUCT_NAME = "$(TARGET_NAME)";
				TEST_HOST = "$(BUNDLE_LOADER)";
			};
			name = Debug;
		};
		AA1B9E9C1973AD9A00821F4B /* Release */ = {
			isa = XCBuildConfiguration;
			buildSettings = {
				BUNDLE_LOADER = "$(BUILT_PRODUCTS_DIR)/browser.app/browser";
				FRAMEWORK_SEARCH_PATHS = (
					"$(SDKROOT)/Developer/Library/Frameworks",
					"$(inherited)",
				);
				INFOPLIST_FILE = browserTests/Info.plist;
				LD_RUNPATH_SEARCH_PATHS = "$(inherited) @executable_path/Frameworks @loader_path/Frameworks";
				PRODUCT_NAME = "$(TARGET_NAME)";
				TEST_HOST = "$(BUNDLE_LOADER)";
			};
			name = Release;
		};
/* End XCBuildConfiguration section */

/* Begin XCConfigurationList section */
		AA1B9E761973AD9A00821F4B /* Build configuration list for PBXProject "browser" */ = {
			isa = XCConfigurationList;
			buildConfigurations = (
				AA1B9E951973AD9A00821F4B /* Debug */,
				AA1B9E961973AD9A00821F4B /* Release */,
			);
			defaultConfigurationIsVisible = 0;
			defaultConfigurationName = Release;
		};
		AA1B9E971973AD9A00821F4B /* Build configuration list for PBXNativeTarget "browser" */ = {
			isa = XCConfigurationList;
			buildConfigurations = (
				AA1B9E981973AD9A00821F4B /* Debug */,
				AA1B9E991973AD9A00821F4B /* Release */,
			);
			defaultConfigurationIsVisible = 0;
			defaultConfigurationName = Release;
		};
		AA1B9E9A1973AD9A00821F4B /* Build configuration list for PBXNativeTarget "browserTests" */ = {
			isa = XCConfigurationList;
			buildConfigurations = (
				AA1B9E9B1973AD9A00821F4B /* Debug */,
				AA1B9E9C1973AD9A00821F4B /* Release */,
			);
			defaultConfigurationIsVisible = 0;
			defaultConfigurationName = Release;
		};
/* End XCConfigurationList section */
	};
	rootObject = AA1B9E731973AD9A00821F4B /* Project object */;
}
